
Microsoft Visual Studio Solution File, Format Version 12.00
# Visual Studio 15
VisualStudioVersion = 15.0.28010.2003
MinimumVisualStudioVersion = 10.0.40219.1
Project("{FAE04EC0-301F-11D3-BF4B-00C04F79EFBC}") = "EncoderExample", "EncoderExample\EncoderExample.csproj", "{5B64BB18-8C01-4916-99FD-EC7CEA99BBB0}"
EndProject
Project("{FAE04EC0-301F-11D3-BF4B-00C04F79EFBC}") = "encoderStub", "encoderStub\encoderStub.csproj", "{AFC13A00-0469-4D2C-B6C3-D973B812D29D}"
EndProject
Global
	GlobalSection(SolutionConfigurationPlatforms) = preSolution
		Debug|Any CPU = Debug|Any CPU
		Release|Any CPU = Release|Any CPU
	EndGlobalSection
	GlobalSection(ProjectConfigurationPlatforms) = postSolution
		{5B64BB18-8C01-4916-99FD-EC7CEA99BBB0}.Debug|Any CPU.ActiveCfg = Debug|Any CPU
		{5B64BB18-8C01-4916-99FD-EC7CEA99BBB0}.Debug|Any CPU.Build.0 = Debug|Any CPU
		{5B64BB18-8C01-4916-99FD-EC7CEA99BBB0}.Release|Any CPU.ActiveCfg = Release|Any CPU
		{5B64BB18-8C01-4916-99FD-EC7CEA99BBB0}.Release|Any CPU.Build.0 = Release|Any CPU
		{AFC13A00-0469-4D2C-B6C3-D973B812D29D}.Debug|Any CPU.ActiveCfg = Debug|Any CPU
		{AFC13A00-0469-4D2C-B6C3-D973B812D29D}.Debug|Any CPU.Build.0 = Debug|Any CPU
		{AFC13A00-0469-4D2C-B6C3-D973B812D29D}.Release|Any CPU.ActiveCfg = Release|Any CPU
		{AFC13A00-0469-4D2C-B6C3-D973B812D29D}.Release|Any CPU.Build.0 = Release|Any CPU
	EndGlobalSection
	GlobalSection(SolutionProperties) = preSolution
		HideSolutionNode = FALSE
	EndGlobalSection
	GlobalSection(ExtensibilityGlobals) = postSolution
		SolutionGuid = {ECFAF9FE-18DC-405E-8E58-590EF563078B}
	EndGlobalSection
EndGlobal
